
Microsoft Visual Studio Solution File, Format Version 10.00
# Visual Studio 2008
Project("{FAE04EC0-301F-11D3-BF4B-00C04F79EFBC}") = "Ch9_Styles", "Ch9_Styles\Ch9_Styles.csproj", "{ECA7C58A-D5EA-49DA-B32E-536E8F84C366}"
EndProject
Global
	GlobalSection(SolutionConfigurationPlatforms) = preSolution
		Debug|Any CPU = Debug|Any CPU
		Release|Any CPU = Release|Any CPU
	EndGlobalSection
	GlobalSection(ProjectConfigurationPlatforms) = postSolution
		{ECA7C58A-D5EA-49DA-B32E-536E8F84C366}.Debug|Any CPU.ActiveCfg = Debug|Any CPU
		{ECA7C58A-D5EA-49DA-B32E-536E8F84C366}.Debug|Any CPU.Build.0 = Debug|Any CPU
		{ECA7C58A-D5EA-49DA-B32E-536E8F84C366}.Release|Any CPU.ActiveCfg = Release|Any CPU
		{ECA7C58A-D5EA-49DA-B32E-536E8F84C366}.Release|Any CPU.Build.0 = Release|Any CPU
	EndGlobalSection
EndGlobal
