
Microsoft Visual Studio Solution File, Format Version 10.00
# Visual Studio 2008
Project("{FAE04EC0-301F-11D3-BF4B-00C04F79EFBC}") = "Ch10_TransformTypes", "Ch10_TransformTypes\Ch10_TransformTypes.csproj", "{60865ECA-0760-4797-A3D0-57CC2A6B68E6}"
EndProject
Global
	GlobalSection(SolutionConfigurationPlatforms) = preSolution
		Debug|Any CPU = Debug|Any CPU
		Release|Any CPU = Release|Any CPU
	EndGlobalSection
	GlobalSection(ProjectConfigurationPlatforms) = postSolution
		{60865ECA-0760-4797-A3D0-57CC2A6B68E6}.Debug|Any CPU.ActiveCfg = Debug|Any CPU
		{60865ECA-0760-4797-A3D0-57CC2A6B68E6}.Debug|Any CPU.Build.0 = Debug|Any CPU
		{60865ECA-0760-4797-A3D0-57CC2A6B68E6}.Release|Any CPU.ActiveCfg = Release|Any CPU
		{60865ECA-0760-4797-A3D0-57CC2A6B68E6}.Release|Any CPU.Build.0 = Release|Any CPU
	EndGlobalSection
EndGlobal
