
Microsoft Visual Studio Solution File, Format Version 10.00
# Visual Studio 2008
Project("{FAE04EC0-301F-11D3-BF4B-00C04F79EFBC}") = "Ch3_StackPanel", "Ch3_StackPanel\Ch3_StackPanel.csproj", "{F2A1D86A-870D-4193-9D47-99C448D55A4F}"
EndProject
Project("{E24C65DC-7377-472B-9ABA-BC803B73C61A}") = "Ch3_StackPanelWeb", "Ch3_StackPanelWeb\", "{BCE63E44-3ECA-4D10-839A-38395C2FD370}"
	ProjectSection(WebsiteProperties) = preProject
		TargetFramework = "3.5"
		Debug.AspNetCompiler.VirtualPath = "/Ch3_StackPanelWeb"
		Debug.AspNetCompiler.PhysicalPath = "Ch3_StackPanelWeb\"
		Debug.AspNetCompiler.TargetPath = "PrecompiledWeb\Ch3_StackPanelWeb\"
		Debug.AspNetCompiler.Updateable = "true"
		Debug.AspNetCompiler.ForceOverwrite = "true"
		Debug.AspNetCompiler.FixedNames = "false"
		Debug.AspNetCompiler.Debug = "True"
		Release.AspNetCompiler.VirtualPath = "/Ch3_StackPanelWeb"
		Release.AspNetCompiler.PhysicalPath = "Ch3_StackPanelWeb\"
		Release.AspNetCompiler.TargetPath = "PrecompiledWeb\Ch3_StackPanelWeb\"
		Release.AspNetCompiler.Updateable = "true"
		Release.AspNetCompiler.ForceOverwrite = "true"
		Release.AspNetCompiler.FixedNames = "false"
		Release.AspNetCompiler.Debug = "False"
		VWDPort = "49575"
		DefaultWebSiteLanguage = "Visual C#"
		ProjOutputReferences = "{F2A1D86A-870D-4193-9D47-99C448D55A4F}|ClientBin|false;"
	EndProjectSection
EndProject
Global
	GlobalSection(SolutionConfigurationPlatforms) = preSolution
		Debug|.NET = Debug|.NET
		Debug|Any CPU = Debug|Any CPU
		Debug|Mixed Platforms = Debug|Mixed Platforms
		Release|.NET = Release|.NET
		Release|Any CPU = Release|Any CPU
		Release|Mixed Platforms = Release|Mixed Platforms
	EndGlobalSection
	GlobalSection(ProjectConfigurationPlatforms) = postSolution
		{F2A1D86A-870D-4193-9D47-99C448D55A4F}.Debug|.NET.ActiveCfg = Debug|Any CPU
		{F2A1D86A-870D-4193-9D47-99C448D55A4F}.Debug|Any CPU.ActiveCfg = Debug|Any CPU
		{F2A1D86A-870D-4193-9D47-99C448D55A4F}.Debug|Any CPU.Build.0 = Debug|Any CPU
		{F2A1D86A-870D-4193-9D47-99C448D55A4F}.Debug|Mixed Platforms.ActiveCfg = Debug|Any CPU
		{F2A1D86A-870D-4193-9D47-99C448D55A4F}.Debug|Mixed Platforms.Build.0 = Debug|Any CPU
		{F2A1D86A-870D-4193-9D47-99C448D55A4F}.Release|.NET.ActiveCfg = Release|Any CPU
		{F2A1D86A-870D-4193-9D47-99C448D55A4F}.Release|Any CPU.ActiveCfg = Release|Any CPU
		{F2A1D86A-870D-4193-9D47-99C448D55A4F}.Release|Any CPU.Build.0 = Release|Any CPU
		{F2A1D86A-870D-4193-9D47-99C448D55A4F}.Release|Mixed Platforms.ActiveCfg = Release|Any CPU
		{F2A1D86A-870D-4193-9D47-99C448D55A4F}.Release|Mixed Platforms.Build.0 = Release|Any CPU
		{BCE63E44-3ECA-4D10-839A-38395C2FD370}.Debug|.NET.ActiveCfg = Debug|.NET
		{BCE63E44-3ECA-4D10-839A-38395C2FD370}.Debug|.NET.Build.0 = Debug|.NET
		{BCE63E44-3ECA-4D10-839A-38395C2FD370}.Debug|Any CPU.ActiveCfg = Debug|.NET
		{BCE63E44-3ECA-4D10-839A-38395C2FD370}.Debug|Mixed Platforms.ActiveCfg = Debug|.NET
		{BCE63E44-3ECA-4D10-839A-38395C2FD370}.Debug|Mixed Platforms.Build.0 = Debug|.NET
		{BCE63E44-3ECA-4D10-839A-38395C2FD370}.Release|.NET.ActiveCfg = Debug|.NET
		{BCE63E44-3ECA-4D10-839A-38395C2FD370}.Release|.NET.Build.0 = Debug|.NET
		{BCE63E44-3ECA-4D10-839A-38395C2FD370}.Release|Any CPU.ActiveCfg = Debug|.NET
		{BCE63E44-3ECA-4D10-839A-38395C2FD370}.Release|Mixed Platforms.ActiveCfg = Debug|.NET
		{BCE63E44-3ECA-4D10-839A-38395C2FD370}.Release|Mixed Platforms.Build.0 = Debug|.NET
	EndGlobalSection
	GlobalSection(SolutionProperties) = preSolution
		HideSolutionNode = FALSE
	EndGlobalSection
EndGlobal
