
Microsoft Visual Studio Solution File, Format Version 10.00
# Visual Studio 2008
Project("{FAE04EC0-301F-11D3-BF4B-00C04F79EFBC}") = "Ch5_DataGridCustomColumns", "Ch5_DataGridCustomColumns\Ch5_DataGridCustomColumns.csproj", "{78F2F267-1D7B-4BF9-B3D4-FC993B7EFFDC}"
EndProject
Project("{E24C65DC-7377-472B-9ABA-BC803B73C61A}") = "Ch5_DataGridCustomColumns.Web", "Ch5_DataGridCustomColumns.Web\", "{216AA421-50DF-4556-BAFE-48F2A77AF370}"
	ProjectSection(WebsiteProperties) = preProject
		TargetFramework = "3.5"
		Debug.AspNetCompiler.VirtualPath = "/Ch5_DataGridCustomColumns.Web"
		Debug.AspNetCompiler.PhysicalPath = "Ch5_DataGridCustomColumns.Web\"
		Debug.AspNetCompiler.TargetPath = "PrecompiledWeb\Ch5_DataGridCustomColumns.Web\"
		Debug.AspNetCompiler.Updateable = "true"
		Debug.AspNetCompiler.ForceOverwrite = "true"
		Debug.AspNetCompiler.FixedNames = "false"
		Debug.AspNetCompiler.Debug = "True"
		Release.AspNetCompiler.VirtualPath = "/Ch5_DataGridCustomColumns.Web"
		Release.AspNetCompiler.PhysicalPath = "Ch5_DataGridCustomColumns.Web\"
		Release.AspNetCompiler.TargetPath = "PrecompiledWeb\Ch5_DataGridCustomColumns.Web\"
		Release.AspNetCompiler.Updateable = "true"
		Release.AspNetCompiler.ForceOverwrite = "true"
		Release.AspNetCompiler.FixedNames = "false"
		Release.AspNetCompiler.Debug = "False"
		VWDPort = "56417"
		DefaultWebSiteLanguage = "Visual C#"
		ProjOutputReferences = "{78F2F267-1D7B-4BF9-B3D4-FC993B7EFFDC}|ClientBin|false;"
	EndProjectSection
EndProject
Global
	GlobalSection(SolutionConfigurationPlatforms) = preSolution
		Debug|Any CPU = Debug|Any CPU
		Release|Any CPU = Release|Any CPU
	EndGlobalSection
	GlobalSection(ProjectConfigurationPlatforms) = postSolution
		{78F2F267-1D7B-4BF9-B3D4-FC993B7EFFDC}.Debug|Any CPU.ActiveCfg = Debug|Any CPU
		{78F2F267-1D7B-4BF9-B3D4-FC993B7EFFDC}.Debug|Any CPU.Build.0 = Debug|Any CPU
		{78F2F267-1D7B-4BF9-B3D4-FC993B7EFFDC}.Release|Any CPU.ActiveCfg = Release|Any CPU
		{78F2F267-1D7B-4BF9-B3D4-FC993B7EFFDC}.Release|Any CPU.Build.0 = Release|Any CPU
		{216AA421-50DF-4556-BAFE-48F2A77AF370}.Debug|Any CPU.ActiveCfg = Debug|Any CPU
		{216AA421-50DF-4556-BAFE-48F2A77AF370}.Debug|Any CPU.Build.0 = Debug|Any CPU
		{216AA421-50DF-4556-BAFE-48F2A77AF370}.Release|Any CPU.ActiveCfg = Debug|Any CPU
		{216AA421-50DF-4556-BAFE-48F2A77AF370}.Release|Any CPU.Build.0 = Debug|Any CPU
	EndGlobalSection
	GlobalSection(SolutionProperties) = preSolution
		HideSolutionNode = FALSE
	EndGlobalSection
EndGlobal
