
Microsoft Visual Studio Solution File, Format Version 10.00
# Visual Studio 2008
Project("{FAE04EC0-301F-11D3-BF4B-00C04F79EFBC}") = "Ch10_ExampleAnimation", "Ch10_ExampleAnimation\Ch10_ExampleAnimation.csproj", "{17CB2B4D-161E-4E69-BD22-0403BB3DF695}"
EndProject
Global
	GlobalSection(SolutionConfigurationPlatforms) = preSolution
		Debug|Any CPU = Debug|Any CPU
		Release|Any CPU = Release|Any CPU
	EndGlobalSection
	GlobalSection(ProjectConfigurationPlatforms) = postSolution
		{17CB2B4D-161E-4E69-BD22-0403BB3DF695}.Debug|Any CPU.ActiveCfg = Debug|Any CPU
		{17CB2B4D-161E-4E69-BD22-0403BB3DF695}.Debug|Any CPU.Build.0 = Debug|Any CPU
		{17CB2B4D-161E-4E69-BD22-0403BB3DF695}.Release|Any CPU.ActiveCfg = Release|Any CPU
		{17CB2B4D-161E-4E69-BD22-0403BB3DF695}.Release|Any CPU.Build.0 = Release|Any CPU
	EndGlobalSection
EndGlobal
