
Microsoft Visual Studio Solution File, Format Version 10.00
# Visual Studio 2008
Project("{FAE04EC0-301F-11D3-BF4B-00C04F79EFBC}") = "Ch3_GridPanel", "Ch3_GridPanel\Ch3_GridPanel.csproj", "{8FFEF009-9475-4212-83F2-25197221ADBC}"
EndProject
Project("{E24C65DC-7377-472B-9ABA-BC803B73C61A}") = "Ch3_GridPanelWeb", "Ch3_GridPanelWeb\", "{2E0C35DC-F11B-4FA4-839A-3E6D26DA3514}"
	ProjectSection(WebsiteProperties) = preProject
		TargetFramework = "3.5"
		Debug.AspNetCompiler.VirtualPath = "/Ch3_GridPanelWeb"
		Debug.AspNetCompiler.PhysicalPath = "Ch3_GridPanelWeb\"
		Debug.AspNetCompiler.TargetPath = "PrecompiledWeb\Ch3_GridPanelWeb\"
		Debug.AspNetCompiler.Updateable = "true"
		Debug.AspNetCompiler.ForceOverwrite = "true"
		Debug.AspNetCompiler.FixedNames = "false"
		Debug.AspNetCompiler.Debug = "True"
		Release.AspNetCompiler.VirtualPath = "/Ch3_GridPanelWeb"
		Release.AspNetCompiler.PhysicalPath = "Ch3_GridPanelWeb\"
		Release.AspNetCompiler.TargetPath = "PrecompiledWeb\Ch3_GridPanelWeb\"
		Release.AspNetCompiler.Updateable = "true"
		Release.AspNetCompiler.ForceOverwrite = "true"
		Release.AspNetCompiler.FixedNames = "false"
		Release.AspNetCompiler.Debug = "False"
		VWDPort = "49848"
		DefaultWebSiteLanguage = "Visual C#"
		ProjOutputReferences = "{8FFEF009-9475-4212-83F2-25197221ADBC}|ClientBin|false;"
	EndProjectSection
EndProject
Global
	GlobalSection(SolutionConfigurationPlatforms) = preSolution
		Debug|.NET = Debug|.NET
		Debug|Any CPU = Debug|Any CPU
		Debug|Mixed Platforms = Debug|Mixed Platforms
		Release|.NET = Release|.NET
		Release|Any CPU = Release|Any CPU
		Release|Mixed Platforms = Release|Mixed Platforms
	EndGlobalSection
	GlobalSection(ProjectConfigurationPlatforms) = postSolution
		{8FFEF009-9475-4212-83F2-25197221ADBC}.Debug|.NET.ActiveCfg = Debug|Any CPU
		{8FFEF009-9475-4212-83F2-25197221ADBC}.Debug|Any CPU.ActiveCfg = Debug|Any CPU
		{8FFEF009-9475-4212-83F2-25197221ADBC}.Debug|Any CPU.Build.0 = Debug|Any CPU
		{8FFEF009-9475-4212-83F2-25197221ADBC}.Debug|Mixed Platforms.ActiveCfg = Debug|Any CPU
		{8FFEF009-9475-4212-83F2-25197221ADBC}.Debug|Mixed Platforms.Build.0 = Debug|Any CPU
		{8FFEF009-9475-4212-83F2-25197221ADBC}.Release|.NET.ActiveCfg = Release|Any CPU
		{8FFEF009-9475-4212-83F2-25197221ADBC}.Release|Any CPU.ActiveCfg = Release|Any CPU
		{8FFEF009-9475-4212-83F2-25197221ADBC}.Release|Any CPU.Build.0 = Release|Any CPU
		{8FFEF009-9475-4212-83F2-25197221ADBC}.Release|Mixed Platforms.ActiveCfg = Release|Any CPU
		{8FFEF009-9475-4212-83F2-25197221ADBC}.Release|Mixed Platforms.Build.0 = Release|Any CPU
		{2E0C35DC-F11B-4FA4-839A-3E6D26DA3514}.Debug|.NET.ActiveCfg = Debug|.NET
		{2E0C35DC-F11B-4FA4-839A-3E6D26DA3514}.Debug|.NET.Build.0 = Debug|.NET
		{2E0C35DC-F11B-4FA4-839A-3E6D26DA3514}.Debug|Any CPU.ActiveCfg = Debug|.NET
		{2E0C35DC-F11B-4FA4-839A-3E6D26DA3514}.Debug|Mixed Platforms.ActiveCfg = Debug|.NET
		{2E0C35DC-F11B-4FA4-839A-3E6D26DA3514}.Debug|Mixed Platforms.Build.0 = Debug|.NET
		{2E0C35DC-F11B-4FA4-839A-3E6D26DA3514}.Release|.NET.ActiveCfg = Debug|.NET
		{2E0C35DC-F11B-4FA4-839A-3E6D26DA3514}.Release|.NET.Build.0 = Debug|.NET
		{2E0C35DC-F11B-4FA4-839A-3E6D26DA3514}.Release|Any CPU.ActiveCfg = Debug|.NET
		{2E0C35DC-F11B-4FA4-839A-3E6D26DA3514}.Release|Mixed Platforms.ActiveCfg = Debug|.NET
		{2E0C35DC-F11B-4FA4-839A-3E6D26DA3514}.Release|Mixed Platforms.Build.0 = Debug|.NET
	EndGlobalSection
	GlobalSection(SolutionProperties) = preSolution
		HideSolutionNode = FALSE
	EndGlobalSection
EndGlobal
